
Microsoft Visual Studio Solution File, Format Version 12.00
# Visual Studio 2013
VisualStudioVersion = 12.0.21005.1
MinimumVisualStudioVersion = 10.0.40219.1
Project("{FAE04EC0-301F-11D3-BF4B-00C04F79EFBC}") = "RubiksCubeLib", "RubiksCubeLib\RubiksCubeLib.csproj", "{294FECAF-D3D2-4920-91B0-35AACDBE9F16}"
EndProject
Project("{FAE04EC0-301F-11D3-BF4B-00C04F79EFBC}") = "TestApplication", "TestApplication\TestApplication.csproj", "{C03B7CA7-F582-431E-9DC6-FEA827796B2F}"
EndProject
Project("{FAE04EC0-301F-11D3-BF4B-00C04F79EFBC}") = "BeginnerSolver", "BeginnerSolver\BeginnerSolver.csproj", "{241C63D7-F7D0-4C6B-AF5B-8E37FAE17F03}"
EndProject
Project("{FAE04EC0-301F-11D3-BF4B-00C04F79EFBC}") = "FridrichSolver", "FridrichSolver\FridrichSolver.csproj", "{4C13BB99-B0CA-4078-9C4F-C0D4FAA8AA17}"
EndProject
Project("{FAE04EC0-301F-11D3-BF4B-00C04F79EFBC}") = "TwoPhaseAlgorithmSolver", "TwoPhaseAlgorithmSolver\TwoPhaseAlgorithmSolver.csproj", "{BCFE7B3B-A227-46CF-85CB-020C5721F9B0}"
EndProject
Global
	GlobalSection(SolutionConfigurationPlatforms) = preSolution
		Debug|Any CPU = Debug|Any CPU
		Release|Any CPU = Release|Any CPU
	EndGlobalSection
	GlobalSection(ProjectConfigurationPlatforms) = postSolution
		{294FECAF-D3D2-4920-91B0-35AACDBE9F16}.Debug|Any CPU.ActiveCfg = Debug|Any CPU
		{294FECAF-D3D2-4920-91B0-35AACDBE9F16}.Debug|Any CPU.Build.0 = Debug|Any CPU
		{294FECAF-D3D2-4920-91B0-35AACDBE9F16}.Release|Any CPU.ActiveCfg = Release|Any CPU
		{294FECAF-D3D2-4920-91B0-35AACDBE9F16}.Release|Any CPU.Build.0 = Release|Any CPU
		{C03B7CA7-F582-431E-9DC6-FEA827796B2F}.Debug|Any CPU.ActiveCfg = Debug|Any CPU
		{C03B7CA7-F582-431E-9DC6-FEA827796B2F}.Debug|Any CPU.Build.0 = Debug|Any CPU
		{C03B7CA7-F582-431E-9DC6-FEA827796B2F}.Release|Any CPU.ActiveCfg = Release|Any CPU
		{C03B7CA7-F582-431E-9DC6-FEA827796B2F}.Release|Any CPU.Build.0 = Release|Any CPU
		{241C63D7-F7D0-4C6B-AF5B-8E37FAE17F03}.Debug|Any CPU.ActiveCfg = Debug|Any CPU
		{241C63D7-F7D0-4C6B-AF5B-8E37FAE17F03}.Debug|Any CPU.Build.0 = Debug|Any CPU
		{241C63D7-F7D0-4C6B-AF5B-8E37FAE17F03}.Release|Any CPU.ActiveCfg = Release|Any CPU
		{241C63D7-F7D0-4C6B-AF5B-8E37FAE17F03}.Release|Any CPU.Build.0 = Release|Any CPU
		{4C13BB99-B0CA-4078-9C4F-C0D4FAA8AA17}.Debug|Any CPU.ActiveCfg = Debug|Any CPU
		{4C13BB99-B0CA-4078-9C4F-C0D4FAA8AA17}.Debug|Any CPU.Build.0 = Debug|Any CPU
		{4C13BB99-B0CA-4078-9C4F-C0D4FAA8AA17}.Release|Any CPU.ActiveCfg = Release|Any CPU
		{4C13BB99-B0CA-4078-9C4F-C0D4FAA8AA17}.Release|Any CPU.Build.0 = Release|Any CPU
		{BCFE7B3B-A227-46CF-85CB-020C5721F9B0}.Debug|Any CPU.ActiveCfg = Debug|Any CPU
		{BCFE7B3B-A227-46CF-85CB-020C5721F9B0}.Debug|Any CPU.Build.0 = Debug|Any CPU
		{BCFE7B3B-A227-46CF-85CB-020C5721F9B0}.Release|Any CPU.ActiveCfg = Release|Any CPU
		{BCFE7B3B-A227-46CF-85CB-020C5721F9B0}.Release|Any CPU.Build.0 = Release|Any CPU
	EndGlobalSection
	GlobalSection(SolutionProperties) = preSolution
		HideSolutionNode = FALSE
	EndGlobalSection
EndGlobal
